
Microsoft Visual Studio Solution File, Format Version 12.00
# Visual Studio Version 17
VisualStudioVersion = 17.5.33414.496
MinimumVisualStudioVersion = 10.0.40219.1
Project("{FAE04EC0-301F-11D3-BF4B-00C04F79EFBC}") = "Atv1", "Atv1\Atv1.csproj", "{28BD5473-BE0D-4376-B804-8F880D484706}"
EndProject
Global
	GlobalSection(SolutionConfigurationPlatforms) = preSolution
		Debug|Any CPU = Debug|Any CPU
		Release|Any CPU = Release|Any CPU
	EndGlobalSection
	GlobalSection(ProjectConfigurationPlatforms) = postSolution
		{28BD5473-BE0D-4376-B804-8F880D484706}.Debug|Any CPU.ActiveCfg = Debug|Any CPU
		{28BD5473-BE0D-4376-B804-8F880D484706}.Debug|Any CPU.Build.0 = Debug|Any CPU
		{28BD5473-BE0D-4376-B804-8F880D484706}.Release|Any CPU.ActiveCfg = Release|Any CPU
		{28BD5473-BE0D-4376-B804-8F880D484706}.Release|Any CPU.Build.0 = Release|Any CPU
	EndGlobalSection
	GlobalSection(SolutionProperties) = preSolution
		HideSolutionNode = FALSE
	EndGlobalSection
	GlobalSection(ExtensibilityGlobals) = postSolution
		SolutionGuid = {5955CE71-4AA3-4DF0-AE6E-A8CFCC0F5B29}
	EndGlobalSection
EndGlobal
